<?xml version="1.0" encoding="utf-8"?>
<Project ToolsVersion="4.0" xmlns="http://schemas.microsoft.com/developer/msbuild/2003">
  <ItemGroup>
    <Filter Include="Source Files">
      <UniqueIdentifier>{4FC737F1-C7A5-4376-A066-2A32D752A2FF}</UniqueIdentifier>
      <Extensions>qml;cpp;c;cc;cxx;def;odl;idl;hpj;bat;asm;asmx</Extensions>
    </Filter>
    <Filter Include="Header Files">
      <UniqueIdentifier>{93995380-89BD-4b04-88EB-625FBE52EBFB}</UniqueIdentifier>
      <Extensions>h;hh;hpp;hxx;hm;inl;inc;xsd</Extensions>
    </Filter>
    <Filter Include="Resource Files">
      <UniqueIdentifier>{67DA6AB6-F800-4c08-8B7A-83BB121AAD01}</UniqueIdentifier>
      <Extensions>qrc;rc;ico;cur;bmp;dlg;rc2;rct;bin;rgs;gif;jpg;jpeg;jpe;resx;tiff;tif;png;wav;mfcribbon-ms</Extensions>
    </Filter>
    <Filter Include="Form Files">
      <UniqueIdentifier>{99349809-55BA-4b9d-BF79-8FDBB0286EB3}</UniqueIdentifier>
      <Extensions>ui</Extensions>
    </Filter>
    <Filter Include="Translation Files">
      <UniqueIdentifier>{639EADAA-A684-42e4-A9AD-28FC9BCB8F7C}</UniqueIdentifier>
      <Extensions>ts</Extensions>
    </Filter>
  </ItemGroup>
  <ItemGroup>
    <ResourceCompile Include="icon.rc">
      <Filter>Resource Files</Filter>
    </ResourceCompile>
  </ItemGroup>
  <ItemGroup>
    <None Include="Mines.pro" />
  </ItemGroup>
  <ItemGroup>
    <QtRcc Include="mines.qrc">
      <Filter>Resource Files</Filter>
    </QtRcc>
  </ItemGroup>
  <ItemGroup>
    <ClCompile Include="main.cpp">
      <Filter>Source Files</Filter>
    </ClCompile>
    <ClCompile Include="gui\board_scene.cpp">
      <Filter>Source Files</Filter>
    </ClCompile>
    <ClCompile Include="gui\board_view.cpp">
      <Filter>Source Files</Filter>
    </ClCompile>
    <ClCompile Include="gui\cell_item.cpp">
      <Filter>Source Files</Filter>
    </ClCompile>
    <ClCompile Include="gui\game_over_dialog.cpp">
      <Filter>Source Files</Filter>
    </ClCompile>
    <ClCompile Include="gui\main_window.cpp">
      <Filter>Source Files</Filter>
    </ClCompile>
    <ClCompile Include="gui\mines_widget.cpp">
      <Filter>Source Files</Filter>
    </ClCompile>
    <ClCompile Include="gui\new_game_dialog.cpp">
      <Filter>Source Files</Filter>
    </ClCompile>
    <ClCompile Include="gui\sprite_cell_item.cpp">
      <Filter>Source Files</Filter>
    </ClCompile>
    <ClCompile Include="board.cpp">
      <Filter>Source Files</Filter>
    </ClCompile>
    <ClCompile Include="board_collection.cpp">
      <Filter>Source Files</Filter>
    </ClCompile>
    <ClCompile Include="board_state.cpp">
      <Filter>Source Files</Filter>
    </ClCompile>
    <ClCompile Include="cell.cpp">
      <Filter>Source Files</Filter>
    </ClCompile>
    <ClCompile Include="circle.cpp">
      <Filter>Source Files</Filter>
    </ClCompile>
    <ClCompile Include="delaunay_board.cpp">
      <Filter>Source Files</Filter>
    </ClCompile>
    <ClCompile Include="delaunay_parameters_widget.cpp">
      <Filter>Source Files</Filter>
    </ClCompile>
    <ClCompile Include="direction.cpp">
      <Filter>Source Files</Filter>
    </ClCompile>
    <ClCompile Include="edge.cpp">
      <Filter>Source Files</Filter>
    </ClCompile>
    <ClCompile Include="edge_item.cpp">
      <Filter>Source Files</Filter>
    </ClCompile>
    <ClCompile Include="graph_board.cpp">
      <Filter>Source Files</Filter>
    </ClCompile>
    <ClCompile Include="graph_cell_item.cpp">
      <Filter>Source Files</Filter>
    </ClCompile>
    <ClCompile Include="graph_parameters_widget.cpp">
      <Filter>Source Files</Filter>
    </ClCompile>
    <ClCompile Include="hex_board.cpp">
      <Filter>Source Files</Filter>
    </ClCompile>
    <ClCompile Include="hex_parameters_widget.cpp">
      <Filter>Source Files</Filter>
    </ClCompile>
    <ClCompile Include="mec.cpp">
      <Filter>Source Files</Filter>
    </ClCompile>
    <ClCompile Include="polyomino_board.cpp">
      <Filter>Source Files</Filter>
    </ClCompile>
    <ClCompile Include="polyomino_cell.cpp">
      <Filter>Source Files</Filter>
    </ClCompile>
    <ClCompile Include="polyomino_cell_item.cpp">
      <Filter>Source Files</Filter>
    </ClCompile>
    <ClCompile Include="polyomino_parameters_widget.cpp">
      <Filter>Source Files</Filter>
    </ClCompile>
    <ClCompile Include="qline_hasher.cpp">
      <Filter>Source Files</Filter>
    </ClCompile>
    <ClCompile Include="qpoint_hasher.cpp">
      <Filter>Source Files</Filter>
    </ClCompile>
    <ClCompile Include="qpointf_hasher.cpp">
      <Filter>Source Files</Filter>
    </ClCompile>
    <ClCompile Include="rectangle_board.cpp">
      <Filter>Source Files</Filter>
    </ClCompile>
    <ClCompile Include="rectangle_board_parameters_widget.cpp">
      <Filter>Source Files</Filter>
    </ClCompile>
    <ClCompile Include="triangle.cpp">
      <Filter>Source Files</Filter>
    </ClCompile>
    <ClCompile Include="triangulator.cpp">
      <Filter>Source Files</Filter>
    </ClCompile>
    <ClCompile Include="utils.cpp">
      <Filter>Source Files</Filter>
    </ClCompile>
    <ClCompile Include="buddy_notificator.cpp">
      <Filter>Source Files</Filter>
    </ClCompile>
    <ClCompile Include="dynamic_graph_board.cpp">
      <Filter>Source Files</Filter>
    </ClCompile>
    <ClCompile Include="dynamic_graph_cell_item.cpp">
      <Filter>Source Files</Filter>
    </ClCompile>
  </ItemGroup>
  <ItemGroup>
    <QtMoc Include="gui\board_scene.hpp">
      <Filter>Header Files</Filter>
    </QtMoc>
    <QtMoc Include="gui\board_view.hpp">
      <Filter>Header Files</Filter>
    </QtMoc>
    <QtMoc Include="gui\game_over_dialog.hpp">
      <Filter>Header Files</Filter>
    </QtMoc>
    <QtMoc Include="gui\main_window.hpp">
      <Filter>Header Files</Filter>
    </QtMoc>
    <QtMoc Include="gui\mines_widget.hpp">
      <Filter>Header Files</Filter>
    </QtMoc>
    <QtMoc Include="gui\new_game_dialog.hpp">
      <Filter>Header Files</Filter>
    </QtMoc>
    <QtMoc Include="board.hpp">
      <Filter>Header Files</Filter>
    </QtMoc>
    <QtMoc Include="delaunay_board.hpp">
      <Filter>Header Files</Filter>
    </QtMoc>
    <QtMoc Include="delaunay_parameters_widget.hpp">
      <Filter>Header Files</Filter>
    </QtMoc>
    <QtMoc Include="graph_board.hpp">
      <Filter>Header Files</Filter>
    </QtMoc>
    <QtMoc Include="graph_parameters_widget.h">
      <Filter>Header Files</Filter>
    </QtMoc>
    <QtMoc Include="hex_board.hpp">
      <Filter>Header Files</Filter>
    </QtMoc>
    <QtMoc Include="hex_parameters_widget.hpp">
      <Filter>Header Files</Filter>
    </QtMoc>
    <QtMoc Include="polyomino_board.hpp">
      <Filter>Header Files</Filter>
    </QtMoc>
    <QtMoc Include="polyomino_parameters_widget.hpp">
      <Filter>Header Files</Filter>
    </QtMoc>
    <QtMoc Include="rectangle_board.hpp">
      <Filter>Header Files</Filter>
    </QtMoc>
    <QtMoc Include="rectangle_board_parameters_widget.hpp">
      <Filter>Header Files</Filter>
    </QtMoc>
  </ItemGroup>
  <ItemGroup>
    <ClInclude Include="gui\cell_item.hpp">
      <Filter>Header Files</Filter>
    </ClInclude>
    <ClInclude Include="gui\game_over_dialog_answer.hpp">
      <Filter>Header Files</Filter>
    </ClInclude>
    <ClInclude Include="gui\sprite_cell_item.hpp">
      <Filter>Header Files</Filter>
    </ClInclude>
    <ClInclude Include="board_collection.hpp">
      <Filter>Header Files</Filter>
    </ClInclude>
    <ClInclude Include="board_state.hpp">
      <Filter>Header Files</Filter>
    </ClInclude>
    <ClInclude Include="cell.hpp">
      <Filter>Header Files</Filter>
    </ClInclude>
    <ClInclude Include="circle.hpp">
      <Filter>Header Files</Filter>
    </ClInclude>
    <ClInclude Include="direction.hpp">
      <Filter>Header Files</Filter>
    </ClInclude>
    <ClInclude Include="edge.hpp">
      <Filter>Header Files</Filter>
    </ClInclude>
    <ClInclude Include="edge_item.hpp">
      <Filter>Header Files</Filter>
    </ClInclude>
    <ClInclude Include="game_state.hpp">
      <Filter>Header Files</Filter>
    </ClInclude>
    <ClInclude Include="graph_boards_constants.hpp">
      <Filter>Header Files</Filter>
    </ClInclude>
    <ClInclude Include="graph_cell_item.hpp">
      <Filter>Header Files</Filter>
    </ClInclude>
    <ClInclude Include="id_based_board.hpp">
      <Filter>Header Files</Filter>
    </ClInclude>
    <ClInclude Include="mec.hpp">
      <Filter>Header Files</Filter>
    </ClInclude>
    <ClInclude Include="polyomino_board_constants.hpp">
      <Filter>Header Files</Filter>
    </ClInclude>
    <ClInclude Include="polyomino_cell.hpp">
      <Filter>Header Files</Filter>
    </ClInclude>
    <ClInclude Include="polyomino_cell_item.hpp">
      <Filter>Header Files</Filter>
    </ClInclude>
    <ClInclude Include="qline_hasher.hpp">
      <Filter>Header Files</Filter>
    </ClInclude>
    <ClInclude Include="qpoint_hasher.hpp">
      <Filter>Header Files</Filter>
    </ClInclude>
    <ClInclude Include="qpointf_hasher.hpp">
      <Filter>Header Files</Filter>
    </ClInclude>
    <ClInclude Include="std_pair_hasher.hpp">
      <Filter>Header Files</Filter>
    </ClInclude>
    <ClInclude Include="triangle.hpp">
      <Filter>Header Files</Filter>
    </ClInclude>
    <ClInclude Include="triangulator.hpp">
      <Filter>Header Files</Filter>
    </ClInclude>
    <ClInclude Include="utils.hpp">
      <Filter>Header Files</Filter>
    </ClInclude>
    <ClInclude Include="buddy_notificator.hpp">
      <Filter>Header Files</Filter>
    </ClInclude>
    <ClInclude Include="dynamic_graph_board.hpp">
      <Filter>Header Files</Filter>
    </ClInclude>
    <ClInclude Include="dynamic_graph_cell_item.hpp">
      <Filter>Header Files</Filter>
    </ClInclude>
    <ClInclude Include="constants.hpp">
      <Filter>Header Files</Filter>
    </ClInclude>
  </ItemGroup>
  <ItemGroup>
    <QtUic Include="gui\game_over_dialog.ui">
      <Filter>Form Files</Filter>
    </QtUic>
    <QtUic Include="gui\main_window.ui">
      <Filter>Form Files</Filter>
    </QtUic>
    <QtUic Include="gui\mines_widget.ui">
      <Filter>Form Files</Filter>
    </QtUic>
    <QtUic Include="gui\new_game_dialog.ui">
      <Filter>Form Files</Filter>
    </QtUic>
    <QtUic Include="delaunay_parameters_widget.ui">
      <Filter>Form Files</Filter>
    </QtUic>
    <QtUic Include="graph_parameters_widget.ui">
      <Filter>Form Files</Filter>
    </QtUic>
    <QtUic Include="hex_parameters_widget.ui">
      <Filter>Form Files</Filter>
    </QtUic>
    <QtUic Include="polyomino_parameters_widget.ui">
      <Filter>Form Files</Filter>
    </QtUic>
    <QtUic Include="rectangle_board_parameters_widget.ui">
      <Filter>Form Files</Filter>
    </QtUic>
  </ItemGroup>
</Project>