<?xml version="1.0" encoding="utf-8"?>
<Project ToolsVersion="4.0" xmlns="http://schemas.microsoft.com/developer/msbuild/2003">
  <ItemGroup>
    <Filter Include="Source Files">
      <UniqueIdentifier>{4FC737F1-C7A5-4376-A066-2A32D752A2FF}</UniqueIdentifier>
      <Extensions>qml;cpp;c;cc;cxx;def;odl;idl;hpj;bat;asm;asmx</Extensions>
    </Filter>
    <Filter Include="Header Files">
      <UniqueIdentifier>{93995380-89BD-4b04-88EB-625FBE52EBFB}</UniqueIdentifier>
      <Extensions>h;hh;hpp;hxx;hm;inl;inc;xsd</Extensions>
    </Filter>
    <Filter Include="Resource Files">
      <UniqueIdentifier>{67DA6AB6-F800-4c08-8B7A-83BB121AAD01}</UniqueIdentifier>
      <Extensions>qrc;rc;ico;cur;bmp;dlg;rc2;rct;bin;rgs;gif;jpg;jpeg;jpe;resx;tiff;tif;png;wav;mfcribbon-ms</Extensions>
    </Filter>
    <Filter Include="Form Files">
      <UniqueIdentifier>{99349809-55BA-4b9d-BF79-8FDBB0286EB3}</UniqueIdentifier>
      <Extensions>ui</Extensions>
    </Filter>
    <Filter Include="Translation Files">
      <UniqueIdentifier>{639EADAA-A684-42e4-A9AD-28FC9BCB8F7C}</UniqueIdentifier>
      <Extensions>ts</Extensions>
    </Filter>
  </ItemGroup>
  <ItemGroup>
    <QtRcc Include="mines.qrc">
      <Filter>Resource Files</Filter>
    </QtRcc>
  </ItemGroup>
  <ItemGroup>
    <ClCompile Include="main.cpp">
      <Filter>Source Files</Filter>
    </ClCompile>
    <ClCompile Include="board_factory.cpp">
      <Filter>Source Files</Filter>
    </ClCompile>
    <ClCompile Include="board_state.cpp">
      <Filter>Source Files</Filter>
    </ClCompile>
    <ClCompile Include="cell.cpp">
      <Filter>Source Files</Filter>
    </ClCompile>
    <ClCompile Include="utils.cpp">
      <Filter>Source Files</Filter>
    </ClCompile>
    <ClCompile Include="rectangle_board.cpp">
      <Filter>Source Files</Filter>
    </ClCompile>
    <ClCompile Include="standard_board.cpp">
      <Filter>Source Files</Filter>
    </ClCompile>
    <ClCompile Include="gui\rectangle_board_parameters_widget.cpp">
      <Filter>Source Files</Filter>
    </ClCompile>
    <ClCompile Include="gui\cell_item.cpp">
      <Filter>Source Files</Filter>
    </ClCompile>
    <ClCompile Include="gui\standard_cell_item.cpp">
      <Filter>Source Files</Filter>
    </ClCompile>
    <ClCompile Include="gui\board_scene.cpp">
      <Filter>Source Files</Filter>
    </ClCompile>
    <ClCompile Include="gui\main_window.cpp">
      <Filter>Source Files</Filter>
    </ClCompile>
    <ClCompile Include="gui\game_over_dialog.cpp">
      <Filter>Source Files</Filter>
    </ClCompile>
    <ClCompile Include="gui\mines_widget.cpp">
      <Filter>Source Files</Filter>
    </ClCompile>
    <ClCompile Include="gui\board_view.cpp">
      <Filter>Source Files</Filter>
    </ClCompile>
    <ClCompile Include="gui\new_game_dialog.cpp">
      <Filter>Source Files</Filter>
    </ClCompile>
    <ClCompile Include="hex_board.cpp">
      <Filter>Source Files</Filter>
    </ClCompile>
    <ClCompile Include="graph_board\edge.cpp">
      <Filter>Source Files</Filter>
    </ClCompile>
    <ClCompile Include="graph_board\graph_board.cpp">
      <Filter>Source Files</Filter>
    </ClCompile>
    <ClCompile Include="graph_board\graph_board_parameters_widget.cpp">
      <Filter>Source Files</Filter>
    </ClCompile>
    <ClCompile Include="graph_board\qpointf_hasher.cpp">
      <Filter>Source Files</Filter>
    </ClCompile>
    <ClCompile Include="graph_board\triangle.cpp">
      <Filter>Source Files</Filter>
    </ClCompile>
    <ClCompile Include="graph_board\triangulator.cpp">
      <Filter>Source Files</Filter>
    </ClCompile>
  </ItemGroup>
  <ItemGroup>
    <ClInclude Include="board_factory.hpp">
      <Filter>Header Files</Filter>
    </ClInclude>
    <ClInclude Include="board_state.hpp">
      <Filter>Header Files</Filter>
    </ClInclude>
    <ClInclude Include="cell.hpp">
      <Filter>Header Files</Filter>
    </ClInclude>
    <ClInclude Include="game_state.hpp">
      <Filter>Header Files</Filter>
    </ClInclude>
    <ClInclude Include="utils.hpp">
      <Filter>Header Files</Filter>
    </ClInclude>
    <ClInclude Include="gui\cell_item.hpp">
      <Filter>Header Files</Filter>
    </ClInclude>
    <ClInclude Include="gui\standard_cell_item.hpp">
      <Filter>Header Files</Filter>
    </ClInclude>
    <ClInclude Include="gui\game_over_dialog_answer.hpp">
      <Filter>Header Files</Filter>
    </ClInclude>
    <ClInclude Include="graph_board\edge.hpp">
      <Filter>Header Files</Filter>
    </ClInclude>
    <ClInclude Include="graph_board\qpointf_hasher.hpp">
      <Filter>Header Files</Filter>
    </ClInclude>
    <ClInclude Include="graph_board\triangle.hpp">
      <Filter>Header Files</Filter>
    </ClInclude>
    <ClInclude Include="graph_board\triangulator.hpp">
      <Filter>Header Files</Filter>
    </ClInclude>
    <ClInclude Include="resource.h">
      <Filter>Header Files</Filter>
    </ClInclude>
  </ItemGroup>
  <ItemGroup>
    <QtMoc Include="iboard.hpp">
      <Filter>Header Files</Filter>
    </QtMoc>
    <QtMoc Include="rectangle_board.hpp">
      <Filter>Header Files</Filter>
    </QtMoc>
    <QtMoc Include="standard_board.hpp">
      <Filter>Header Files</Filter>
    </QtMoc>
    <QtMoc Include="gui\rectangle_board_parameters_widget.hpp">
      <Filter>Header Files</Filter>
    </QtMoc>
    <QtMoc Include="gui\board_scene.hpp">
      <Filter>Header Files</Filter>
    </QtMoc>
    <QtMoc Include="gui\main_window.hpp">
      <Filter>Header Files</Filter>
    </QtMoc>
    <QtMoc Include="gui\game_over_dialog.hpp">
      <Filter>Header Files</Filter>
    </QtMoc>
    <QtMoc Include="gui\mines_widget.hpp">
      <Filter>Header Files</Filter>
    </QtMoc>
    <QtMoc Include="gui\board_view.hpp">
      <Filter>Header Files</Filter>
    </QtMoc>
    <QtMoc Include="gui\new_game_dialog.hpp">
      <Filter>Header Files</Filter>
    </QtMoc>
    <QtMoc Include="hex_board.hpp">
      <Filter>Header Files</Filter>
    </QtMoc>
    <QtMoc Include="graph_board\graph_board.hpp">
      <Filter>Header Files</Filter>
    </QtMoc>
    <QtMoc Include="graph_board\graph_board_parameters_widget.hpp">
      <Filter>Header Files</Filter>
    </QtMoc>
  </ItemGroup>
  <ItemGroup>
    <QtUic Include="gui\rectangle_board_parameters_widget.ui">
      <Filter>Form Files</Filter>
    </QtUic>
    <QtUic Include="gui\main_window.ui">
      <Filter>Form Files</Filter>
    </QtUic>
    <QtUic Include="gui\game_over_dialog.ui">
      <Filter>Form Files</Filter>
    </QtUic>
    <QtUic Include="gui\mines_widget.ui">
      <Filter>Form Files</Filter>
    </QtUic>
    <QtUic Include="gui\new_game_dialog.ui">
      <Filter>Form Files</Filter>
    </QtUic>
    <QtUic Include="graph_board\graph_board_parameters_widget.ui">
      <Filter>Form Files</Filter>
    </QtUic>
  </ItemGroup>
  <ItemGroup>
    <ResourceCompile Include="icon.rc">
      <Filter>Resource Files</Filter>
    </ResourceCompile>
  </ItemGroup>
</Project>